// !$*UTF8*$!
{
	archiveVersion = 1;
	classes = {
	};
	objectVersion = 56;
	objects = {

/* Begin PBXBuildFile section */
		1D2CCC252C2FF87300C7126D /* poppingApp.swift in Sources */ = {isa = PBXBuildFile; fileRef = 1D2CCC242C2FF87300C7126D /* poppingApp.swift */; };
		1D2CCC292C2FF87600C7126D /* Assets.xcassets in Resources */ = {isa = PBXBuildFile; fileRef = 1D2CCC282C2FF87600C7126D /* Assets.xcassets */; };
		1D2CCC2C2C2FF87600C7126D /* Preview Assets.xcassets in Resources */ = {isa = PBXBuildFile; fileRef = 1D2CCC2B2C2FF87600C7126D /* Preview Assets.xcassets */; };
		1D33478F2C5E33940094806E /* PopExp.swift in Sources */ = {isa = PBXBuildFile; fileRef = 1D33478E2C5E33940094806E /* PopExp.swift */; };
		1D36B9322C43F38D00DDA278 /* Expression in Frameworks */ = {isa = PBXBuildFile; productRef = 1D36B9312C43F38D00DDA278 /* Expression */; };
		1D560C112C4C09B500201C4F /* PopPadRightView.swift in Sources */ = {isa = PBXBuildFile; fileRef = 1D560C102C4C09B500201C4F /* PopPadRightView.swift */; };
		1D728F762C4BC5EE002A5A93 /* PopPadLeftView.swift in Sources */ = {isa = PBXBuildFile; fileRef = 1D728F752C4BC5EE002A5A93 /* PopPadLeftView.swift */; };
		1D9126502C4CFC900087EAC2 /* PopPadMemoryView.swift in Sources */ = {isa = PBXBuildFile; fileRef = 1D91264F2C4CFC900087EAC2 /* PopPadMemoryView.swift */; };
		1DBA1CE92C6B7F7000DB4190 /* PopMemory.swift in Sources */ = {isa = PBXBuildFile; fileRef = 1DBA1CE82C6B7F7000DB4190 /* PopMemory.swift */; };
		1DC147B52C42650E004B983D /* PoppingView.swift in Sources */ = {isa = PBXBuildFile; fileRef = 1DC147B42C42650E004B983D /* PoppingView.swift */; };
		1DC147B82C426633004B983D /* PoppingModel.swift in Sources */ = {isa = PBXBuildFile; fileRef = 1DC147B72C426633004B983D /* PoppingModel.swift */; };
		1DC147BA2C426940004B983D /* PopData.swift in Sources */ = {isa = PBXBuildFile; fileRef = 1DC147B92C426940004B983D /* PopData.swift */; };
		1DC147BC2C428035004B983D /* PopScreenView.swift in Sources */ = {isa = PBXBuildFile; fileRef = 1DC147BB2C428035004B983D /* PopScreenView.swift */; };
		1DC147BE2C4283AA004B983D /* PopPadView.swift in Sources */ = {isa = PBXBuildFile; fileRef = 1DC147BD2C4283AA004B983D /* PopPadView.swift */; };
		1DC147C02C42879F004B983D /* PopKeyView.swift in Sources */ = {isa = PBXBuildFile; fileRef = 1DC147BF2C42879F004B983D /* PopKeyView.swift */; };
		1DE4DB852C4D03BA00B2CC44 /* PopKeyButtonStyles.swift in Sources */ = {isa = PBXBuildFile; fileRef = 1DE4DB842C4D03BA00B2CC44 /* PopKeyButtonStyles.swift */; };
		1DE4DB8A2C4D096A00B2CC44 /* KeyStringView.swift in Sources */ = {isa = PBXBuildFile; fileRef = 1DE4DB892C4D096A00B2CC44 /* KeyStringView.swift */; };
		1DE4DB8C2C4D0AF700B2CC44 /* KeySFView.swift in Sources */ = {isa = PBXBuildFile; fileRef = 1DE4DB8B2C4D0AF700B2CC44 /* KeySFView.swift */; };
		1DE4DB8E2C4D0BED00B2CC44 /* KeyMemoryView.swift in Sources */ = {isa = PBXBuildFile; fileRef = 1DE4DB8D2C4D0BED00B2CC44 /* KeyMemoryView.swift */; };
/* End PBXBuildFile section */

/* Begin PBXFileReference section */
		1D2CCC212C2FF87300C7126D /* popping.app */ = {isa = PBXFileReference; explicitFileType = wrapper.application; includeInIndex = 0; path = popping.app; sourceTree = BUILT_PRODUCTS_DIR; };
		1D2CCC242C2FF87300C7126D /* poppingApp.swift */ = {isa = PBXFileReference; lastKnownFileType = sourcecode.swift; path = poppingApp.swift; sourceTree = "<group>"; };
		1D2CCC282C2FF87600C7126D /* Assets.xcassets */ = {isa = PBXFileReference; lastKnownFileType = folder.assetcatalog; path = Assets.xcassets; sourceTree = "<group>"; };
		1D2CCC2B2C2FF87600C7126D /* Preview Assets.xcassets */ = {isa = PBXFileReference; lastKnownFileType = folder.assetcatalog; path = "Preview Assets.xcassets"; sourceTree = "<group>"; };
		1D33478E2C5E33940094806E /* PopExp.swift */ = {isa = PBXFileReference; lastKnownFileType = sourcecode.swift; path = PopExp.swift; sourceTree = "<group>"; };
		1D560C102C4C09B500201C4F /* PopPadRightView.swift */ = {isa = PBXFileReference; lastKnownFileType = sourcecode.swift; path = PopPadRightView.swift; sourceTree = "<group>"; };
		1D728F752C4BC5EE002A5A93 /* PopPadLeftView.swift */ = {isa = PBXFileReference; lastKnownFileType = sourcecode.swift; path = PopPadLeftView.swift; sourceTree = "<group>"; };
		1D91264F2C4CFC900087EAC2 /* PopPadMemoryView.swift */ = {isa = PBXFileReference; lastKnownFileType = sourcecode.swift; path = PopPadMemoryView.swift; sourceTree = "<group>"; };
		1DBA1CE82C6B7F7000DB4190 /* PopMemory.swift */ = {isa = PBXFileReference; lastKnownFileType = sourcecode.swift; path = PopMemory.swift; sourceTree = "<group>"; };
		1DC147B42C42650E004B983D /* PoppingView.swift */ = {isa = PBXFileReference; lastKnownFileType = sourcecode.swift; path = PoppingView.swift; sourceTree = "<group>"; };
		1DC147B72C426633004B983D /* PoppingModel.swift */ = {isa = PBXFileReference; lastKnownFileType = sourcecode.swift; path = PoppingModel.swift; sourceTree = "<group>"; };
		1DC147B92C426940004B983D /* PopData.swift */ = {isa = PBXFileReference; lastKnownFileType = sourcecode.swift; path = PopData.swift; sourceTree = "<group>"; };
		1DC147BB2C428035004B983D /* PopScreenView.swift */ = {isa = PBXFileReference; lastKnownFileType = sourcecode.swift; path = PopScreenView.swift; sourceTree = "<group>"; };
		1DC147BD2C4283AA004B983D /* PopPadView.swift */ = {isa = PBXFileReference; lastKnownFileType = sourcecode.swift; path = PopPadView.swift; sourceTree = "<group>"; };
		1DC147BF2C42879F004B983D /* PopKeyView.swift */ = {isa = PBXFileReference; lastKnownFileType = sourcecode.swift; path = PopKeyView.swift; sourceTree = "<group>"; };
		1DE4DB842C4D03BA00B2CC44 /* PopKeyButtonStyles.swift */ = {isa = PBXFileReference; lastKnownFileType = sourcecode.swift; path = PopKeyButtonStyles.swift; sourceTree = "<group>"; };
		1DE4DB892C4D096A00B2CC44 /* KeyStringView.swift */ = {isa = PBXFileReference; lastKnownFileType = sourcecode.swift; path = KeyStringView.swift; sourceTree = "<group>"; };
		1DE4DB8B2C4D0AF700B2CC44 /* KeySFView.swift */ = {isa = PBXFileReference; lastKnownFileType = sourcecode.swift; path = KeySFView.swift; sourceTree = "<group>"; };
		1DE4DB8D2C4D0BED00B2CC44 /* KeyMemoryView.swift */ = {isa = PBXFileReference; lastKnownFileType = sourcecode.swift; path = KeyMemoryView.swift; sourceTree = "<group>"; };
/* End PBXFileReference section */

/* Begin PBXFrameworksBuildPhase section */
		1D2CCC1E2C2FF87300C7126D /* Frameworks */ = {
			isa = PBXFrameworksBuildPhase;
			buildActionMask = 2147483647;
			files = (
				1D36B9322C43F38D00DDA278 /* Expression in Frameworks */,
			);
			runOnlyForDeploymentPostprocessing = 0;
		};
/* End PBXFrameworksBuildPhase section */

/* Begin PBXGroup section */
		1D2CCC182C2FF87300C7126D = {
			isa = PBXGroup;
			children = (
				1D2CCC232C2FF87300C7126D /* popping */,
				1D2CCC222C2FF87300C7126D /* Products */,
			);
			sourceTree = "<group>";
		};
		1D2CCC222C2FF87300C7126D /* Products */ = {
			isa = PBXGroup;
			children = (
				1D2CCC212C2FF87300C7126D /* popping.app */,
			);
			name = Products;
			sourceTree = "<group>";
		};
		1D2CCC232C2FF87300C7126D /* popping */ = {
			isa = PBXGroup;
			children = (
				1D2CCC242C2FF87300C7126D /* poppingApp.swift */,
				1D2CCC322C2FF9A100C7126D /* Views */,
				1DE4DB822C4D037500B2CC44 /* Styles */,
				1DC147B62C4265ED004B983D /* Models */,
				1D2CCC282C2FF87600C7126D /* Assets.xcassets */,
				1D2CCC2A2C2FF87600C7126D /* Preview Content */,
			);
			path = popping;
			sourceTree = "<group>";
		};
		1D2CCC2A2C2FF87600C7126D /* Preview Content */ = {
			isa = PBXGroup;
			children = (
				1D2CCC2B2C2FF87600C7126D /* Preview Assets.xcassets */,
			);
			path = "Preview Content";
			sourceTree = "<group>";
		};
		1D2CCC322C2FF9A100C7126D /* Views */ = {
			isa = PBXGroup;
			children = (
				1DC147B42C42650E004B983D /* PoppingView.swift */,
				1DC147BB2C428035004B983D /* PopScreenView.swift */,
				1D728F742C4BC597002A5A93 /* Pads */,
				1DE4DB862C4D046700B2CC44 /* Keys */,
			);
			path = Views;
			sourceTree = "<group>";
		};
		1D728F742C4BC597002A5A93 /* Pads */ = {
			isa = PBXGroup;
			children = (
				1DC147BD2C4283AA004B983D /* PopPadView.swift */,
				1D728F752C4BC5EE002A5A93 /* PopPadLeftView.swift */,
				1D91264F2C4CFC900087EAC2 /* PopPadMemoryView.swift */,
				1D560C102C4C09B500201C4F /* PopPadRightView.swift */,
			);
			path = Pads;
			sourceTree = "<group>";
		};
		1DC147B62C4265ED004B983D /* Models */ = {
			isa = PBXGroup;
			children = (
				1DC147B72C426633004B983D /* PoppingModel.swift */,
				1DC147B92C426940004B983D /* PopData.swift */,
				1D33478E2C5E33940094806E /* PopExp.swift */,
				1DBA1CE82C6B7F7000DB4190 /* PopMemory.swift */,
			);
			path = Models;
			sourceTree = "<group>";
		};
		1DE4DB822C4D037500B2CC44 /* Styles */ = {
			isa = PBXGroup;
			children = (
				1DE4DB832C4D038600B2CC44 /* Buttons */,
			);
			path = Styles;
			sourceTree = "<group>";
		};
		1DE4DB832C4D038600B2CC44 /* Buttons */ = {
			isa = PBXGroup;
			children = (
				1DE4DB842C4D03BA00B2CC44 /* PopKeyButtonStyles.swift */,
			);
			path = Buttons;
			sourceTree = "<group>";
		};
		1DE4DB862C4D046700B2CC44 /* Keys */ = {
			isa = PBXGroup;
			children = (
				1DC147BF2C42879F004B983D /* PopKeyView.swift */,
				1DE4DB892C4D096A00B2CC44 /* KeyStringView.swift */,
				1DE4DB8B2C4D0AF700B2CC44 /* KeySFView.swift */,
				1DE4DB8D2C4D0BED00B2CC44 /* KeyMemoryView.swift */,
			);
			path = Keys;
			sourceTree = "<group>";
		};
/* End PBXGroup section */

/* Begin PBXNativeTarget section */
		1D2CCC202C2FF87300C7126D /* popping */ = {
			isa = PBXNativeTarget;
			buildConfigurationList = 1D2CCC2F2C2FF87600C7126D /* Build configuration list for PBXNativeTarget "popping" */;
			buildPhases = (
				1D2CCC1D2C2FF87300C7126D /* Sources */,
				1D2CCC1E2C2FF87300C7126D /* Frameworks */,
				1D2CCC1F2C2FF87300C7126D /* Resources */,
			);
			buildRules = (
			);
			dependencies = (
			);
			name = popping;
			packageProductDependencies = (
				1D36B9312C43F38D00DDA278 /* Expression */,
			);
			productName = popping;
			productReference = 1D2CCC212C2FF87300C7126D /* popping.app */;
			productType = "com.apple.product-type.application";
		};
/* End PBXNativeTarget section */

/* Begin PBXProject section */
		1D2CCC192C2FF87300C7126D /* Project object */ = {
			isa = PBXProject;
			attributes = {
				BuildIndependentTargetsInParallel = 1;
				LastSwiftUpdateCheck = 1520;
				LastUpgradeCheck = 1520;
				TargetAttributes = {
					1D2CCC202C2FF87300C7126D = {
						CreatedOnToolsVersion = 15.2;
					};
				};
			};
			buildConfigurationList = 1D2CCC1C2C2FF87300C7126D /* Build configuration list for PBXProject "popping" */;
			compatibilityVersion = "Xcode 14.0";
			developmentRegion = en;
			hasScannedForEncodings = 0;
			knownRegions = (
				en,
				Base,
			);
			mainGroup = 1D2CCC182C2FF87300C7126D;
			packageReferences = (
				1D36B9302C43F38C00DDA278 /* XCRemoteSwiftPackageReference "Expression" */,
			);
			productRefGroup = 1D2CCC222C2FF87300C7126D /* Products */;
			projectDirPath = "";
			projectRoot = "";
			targets = (
				1D2CCC202C2FF87300C7126D /* popping */,
			);
		};
/* End PBXProject section */

/* Begin PBXResourcesBuildPhase section */
		1D2CCC1F2C2FF87300C7126D /* Resources */ = {
			isa = PBXResourcesBuildPhase;
			buildActionMask = 2147483647;
			files = (
				1D2CCC2C2C2FF87600C7126D /* Preview Assets.xcassets in Resources */,
				1D2CCC292C2FF87600C7126D /* Assets.xcassets in Resources */,
			);
			runOnlyForDeploymentPostprocessing = 0;
		};
/* End PBXResourcesBuildPhase section */

/* Begin PBXSourcesBuildPhase section */
		1D2CCC1D2C2FF87300C7126D /* Sources */ = {
			isa = PBXSourcesBuildPhase;
			buildActionMask = 2147483647;
			files = (
				1DC147BC2C428035004B983D /* PopScreenView.swift in Sources */,
				1D9126502C4CFC900087EAC2 /* PopPadMemoryView.swift in Sources */,
				1DBA1CE92C6B7F7000DB4190 /* PopMemory.swift in Sources */,
				1D728F762C4BC5EE002A5A93 /* PopPadLeftView.swift in Sources */,
				1D33478F2C5E33940094806E /* PopExp.swift in Sources */,
				1DE4DB8C2C4D0AF700B2CC44 /* KeySFView.swift in Sources */,
				1DC147BE2C4283AA004B983D /* PopPadView.swift in Sources */,
				1D560C112C4C09B500201C4F /* PopPadRightView.swift in Sources */,
				1DE4DB8A2C4D096A00B2CC44 /* KeyStringView.swift in Sources */,
				1D2CCC252C2FF87300C7126D /* poppingApp.swift in Sources */,
				1DC147B82C426633004B983D /* PoppingModel.swift in Sources */,
				1DE4DB8E2C4D0BED00B2CC44 /* KeyMemoryView.swift in Sources */,
				1DC147C02C42879F004B983D /* PopKeyView.swift in Sources */,
				1DC147B52C42650E004B983D /* PoppingView.swift in Sources */,
				1DE4DB852C4D03BA00B2CC44 /* PopKeyButtonStyles.swift in Sources */,
				1DC147BA2C426940004B983D /* PopData.swift in Sources */,
			);
			runOnlyForDeploymentPostprocessing = 0;
		};
/* End PBXSourcesBuildPhase section */

/* Begin XCBuildConfiguration section */
		1D2CCC2D2C2FF87600C7126D /* Debug */ = {
			isa = XCBuildConfiguration;
			buildSettings = {
				ALWAYS_SEARCH_USER_PATHS = NO;
				ASSETCATALOG_COMPILER_GENERATE_SWIFT_ASSET_SYMBOL_EXTENSIONS = YES;
				CLANG_ANALYZER_NONNULL = YES;
				CLANG_ANALYZER_NUMBER_OBJECT_CONVERSION = YES_AGGRESSIVE;
				CLANG_CXX_LANGUAGE_STANDARD = "gnu++20";
				CLANG_ENABLE_MODULES = YES;
				CLANG_ENABLE_OBJC_ARC = YES;
				CLANG_ENABLE_OBJC_WEAK = YES;
				CLANG_WARN_BLOCK_CAPTURE_AUTORELEASING = YES;
				CLANG_WARN_BOOL_CONVERSION = YES;
				CLANG_WARN_COMMA = YES;
				CLANG_WARN_CONSTANT_CONVERSION = YES;
				CLANG_WARN_DEPRECATED_OBJC_IMPLEMENTATIONS = YES;
				CLANG_WARN_DIRECT_OBJC_ISA_USAGE = YES_ERROR;
				CLANG_WARN_DOCUMENTATION_COMMENTS = YES;
				CLANG_WARN_EMPTY_BODY = YES;
				CLANG_WARN_ENUM_CONVERSION = YES;
				CLANG_WARN_INFINITE_RECURSION = YES;
				CLANG_WARN_INT_CONVERSION = YES;
				CLANG_WARN_NON_LITERAL_NULL_CONVERSION = YES;
				CLANG_WARN_OBJC_IMPLICIT_RETAIN_SELF = YES;
				CLANG_WARN_OBJC_LITERAL_CONVERSION = YES;
				CLANG_WARN_OBJC_ROOT_CLASS = YES_ERROR;
				CLANG_WARN_QUOTED_INCLUDE_IN_FRAMEWORK_HEADER = YES;
				CLANG_WARN_RANGE_LOOP_ANALYSIS = YES;
				CLANG_WARN_STRICT_PROTOTYPES = YES;
				CLANG_WARN_SUSPICIOUS_MOVE = YES;
				CLANG_WARN_UNGUARDED_AVAILABILITY = YES_AGGRESSIVE;
				CLANG_WARN_UNREACHABLE_CODE = YES;
				CLANG_WARN__DUPLICATE_METHOD_MATCH = YES;
				COPY_PHASE_STRIP = NO;
				DEBUG_INFORMATION_FORMAT = dwarf;
				ENABLE_STRICT_OBJC_MSGSEND = YES;
				ENABLE_TESTABILITY = YES;
				ENABLE_USER_SCRIPT_SANDBOXING = YES;
				GCC_C_LANGUAGE_STANDARD = gnu17;
				GCC_DYNAMIC_NO_PIC = NO;
				GCC_NO_COMMON_BLOCKS = YES;
				GCC_OPTIMIZATION_LEVEL = 0;
				GCC_PREPROCESSOR_DEFINITIONS = (
					"DEBUG=1",
					"$(inherited)",
				);
				GCC_WARN_64_TO_32_BIT_CONVERSION = YES;
				GCC_WARN_ABOUT_RETURN_TYPE = YES_ERROR;
				GCC_WARN_UNDECLARED_SELECTOR = YES;
				GCC_WARN_UNINITIALIZED_AUTOS = YES_AGGRESSIVE;
				GCC_WARN_UNUSED_FUNCTION = YES;
				GCC_WARN_UNUSED_VARIABLE = YES;
				IPHONEOS_DEPLOYMENT_TARGET = 15.5;
				LOCALIZATION_PREFERS_STRING_CATALOGS = YES;
				MTL_ENABLE_DEBUG_INFO = INCLUDE_SOURCE;
				MTL_FAST_MATH = YES;
				ONLY_ACTIVE_ARCH = YES;
				SDKROOT = iphoneos;
				SWIFT_ACTIVE_COMPILATION_CONDITIONS = "DEBUG $(inherited)";
				SWIFT_OPTIMIZATION_LEVEL = "-Onone";
			};
			name = Debug;
		};
		1D2CCC2E2C2FF87600C7126D /* Release */ = {
			isa = XCBuildConfiguration;
			buildSettings = {
				ALWAYS_SEARCH_USER_PATHS = NO;
				ASSETCATALOG_COMPILER_GENERATE_SWIFT_ASSET_SYMBOL_EXTENSIONS = YES;
				CLANG_ANALYZER_NONNULL = YES;
				CLANG_ANALYZER_NUMBER_OBJECT_CONVERSION = YES_AGGRESSIVE;
				CLANG_CXX_LANGUAGE_STANDARD = "gnu++20";
				CLANG_ENABLE_MODULES = YES;
				CLANG_ENABLE_OBJC_ARC = YES;
				CLANG_ENABLE_OBJC_WEAK = YES;
				CLANG_WARN_BLOCK_CAPTURE_AUTORELEASING = YES;
				CLANG_WARN_BOOL_CONVERSION = YES;
				CLANG_WARN_COMMA = YES;
				CLANG_WARN_CONSTANT_CONVERSION = YES;
				CLANG_WARN_DEPRECATED_OBJC_IMPLEMENTATIONS = YES;
				CLANG_WARN_DIRECT_OBJC_ISA_USAGE = YES_ERROR;
				CLANG_WARN_DOCUMENTATION_COMMENTS = YES;
				CLANG_WARN_EMPTY_BODY = YES;
				CLANG_WARN_ENUM_CONVERSION = YES;
				CLANG_WARN_INFINITE_RECURSION = YES;
				CLANG_WARN_INT_CONVERSION = YES;
				CLANG_WARN_NON_LITERAL_NULL_CONVERSION = YES;
				CLANG_WARN_OBJC_IMPLICIT_RETAIN_SELF = YES;
				CLANG_WARN_OBJC_LITERAL_CONVERSION = YES;
				CLANG_WARN_OBJC_ROOT_CLASS = YES_ERROR;
				CLANG_WARN_QUOTED_INCLUDE_IN_FRAMEWORK_HEADER = YES;
				CLANG_WARN_RANGE_LOOP_ANALYSIS = YES;
				CLANG_WARN_STRICT_PROTOTYPES = YES;
				CLANG_WARN_SUSPICIOUS_MOVE = YES;
				CLANG_WARN_UNGUARDED_AVAILABILITY = YES_AGGRESSIVE;
				CLANG_WARN_UNREACHABLE_CODE = YES;
				CLANG_WARN__DUPLICATE_METHOD_MATCH = YES;
				COPY_PHASE_STRIP = NO;
				DEBUG_INFORMATION_FORMAT = "dwarf-with-dsym";
				ENABLE_NS_ASSERTIONS = NO;
				ENABLE_STRICT_OBJC_MSGSEND = YES;
				ENABLE_USER_SCRIPT_SANDBOXING = YES;
				GCC_C_LANGUAGE_STANDARD = gnu17;
				GCC_NO_COMMON_BLOCKS = YES;
				GCC_WARN_64_TO_32_BIT_CONVERSION = YES;
				GCC_WARN_ABOUT_RETURN_TYPE = YES_ERROR;
				GCC_WARN_UNDECLARED_SELECTOR = YES;
				GCC_WARN_UNINITIALIZED_AUTOS = YES_AGGRESSIVE;
				GCC_WARN_UNUSED_FUNCTION = YES;
				GCC_WARN_UNUSED_VARIABLE = YES;
				IPHONEOS_DEPLOYMENT_TARGET = 15.5;
				LOCALIZATION_PREFERS_STRING_CATALOGS = YES;
				MTL_ENABLE_DEBUG_INFO = NO;
				MTL_FAST_MATH = YES;
				SDKROOT = iphoneos;
				SWIFT_COMPILATION_MODE = wholemodule;
				VALIDATE_PRODUCT = YES;
			};
			name = Release;
		};
		1D2CCC302C2FF87600C7126D /* Debug */ = {
			isa = XCBuildConfiguration;
			buildSettings = {
				ASSETCATALOG_COMPILER_APPICON_NAME = AppIcon;
				ASSETCATALOG_COMPILER_GLOBAL_ACCENT_COLOR_NAME = AccentColor;
				CODE_SIGN_STYLE = Automatic;
				CURRENT_PROJECT_VERSION = 1;
				DEVELOPMENT_ASSET_PATHS = "\"popping/Preview Content\"";
				DEVELOPMENT_TEAM = 9448XGY9XB;
				ENABLE_PREVIEWS = YES;
				GENERATE_INFOPLIST_FILE = YES;
				INFOPLIST_KEY_UIApplicationSceneManifest_Generation = YES;
				INFOPLIST_KEY_UIApplicationSupportsIndirectInputEvents = YES;
				INFOPLIST_KEY_UILaunchScreen_Generation = YES;
				INFOPLIST_KEY_UISupportedInterfaceOrientations_iPad = "UIInterfaceOrientationPortrait UIInterfaceOrientationPortraitUpsideDown UIInterfaceOrientationLandscapeLeft UIInterfaceOrientationLandscapeRight";
				INFOPLIST_KEY_UISupportedInterfaceOrientations_iPhone = "UIInterfaceOrientationPortrait UIInterfaceOrientationLandscapeLeft UIInterfaceOrientationLandscapeRight";
				LD_RUNPATH_SEARCH_PATHS = (
					"$(inherited)",
					"@executable_path/Frameworks",
				);
				MARKETING_VERSION = 1.0;
				PRODUCT_BUNDLE_IDENTIFIER = com.doothedesign.popping.project;
				PRODUCT_NAME = "$(TARGET_NAME)";
				SWIFT_EMIT_LOC_STRINGS = YES;
				SWIFT_VERSION = 5.0;
				TARGETED_DEVICE_FAMILY = "1,2";
			};
			name = Debug;
		};
		1D2CCC312C2FF87600C7126D /* Release */ = {
			isa = XCBuildConfiguration;
			buildSettings = {
				ASSETCATALOG_COMPILER_APPICON_NAME = AppIcon;
				ASSETCATALOG_COMPILER_GLOBAL_ACCENT_COLOR_NAME = AccentColor;
				CODE_SIGN_STYLE = Automatic;
				CURRENT_PROJECT_VERSION = 1;
				DEVELOPMENT_ASSET_PATHS = "\"popping/Preview Content\"";
				DEVELOPMENT_TEAM = 9448XGY9XB;
				ENABLE_PREVIEWS = YES;
				GENERATE_INFOPLIST_FILE = YES;
				INFOPLIST_KEY_UIApplicationSceneManifest_Generation = YES;
				INFOPLIST_KEY_UIApplicationSupportsIndirectInputEvents = YES;
				INFOPLIST_KEY_UILaunchScreen_Generation = YES;
				INFOPLIST_KEY_UISupportedInterfaceOrientations_iPad = "UIInterfaceOrientationPortrait UIInterfaceOrientationPortraitUpsideDown UIInterfaceOrientationLandscapeLeft UIInterfaceOrientationLandscapeRight";
				INFOPLIST_KEY_UISupportedInterfaceOrientations_iPhone = "UIInterfaceOrientationPortrait UIInterfaceOrientationLandscapeLeft UIInterfaceOrientationLandscapeRight";
				LD_RUNPATH_SEARCH_PATHS = (
					"$(inherited)",
					"@executable_path/Frameworks",
				);
				MARKETING_VERSION = 1.0;
				PRODUCT_BUNDLE_IDENTIFIER = com.doothedesign.popping.project;
				PRODUCT_NAME = "$(TARGET_NAME)";
				SWIFT_EMIT_LOC_STRINGS = YES;
				SWIFT_VERSION = 5.0;
				TARGETED_DEVICE_FAMILY = "1,2";
			};
			name = Release;
		};
/* End XCBuildConfiguration section */

/* Begin XCConfigurationList section */
		1D2CCC1C2C2FF87300C7126D /* Build configuration list for PBXProject "popping" */ = {
			isa = XCConfigurationList;
			buildConfigurations = (
				1D2CCC2D2C2FF87600C7126D /* Debug */,
				1D2CCC2E2C2FF87600C7126D /* Release */,
			);
			defaultConfigurationIsVisible = 0;
			defaultConfigurationName = Release;
		};
		1D2CCC2F2C2FF87600C7126D /* Build configuration list for PBXNativeTarget "popping" */ = {
			isa = XCConfigurationList;
			buildConfigurations = (
				1D2CCC302C2FF87600C7126D /* Debug */,
				1D2CCC312C2FF87600C7126D /* Release */,
			);
			defaultConfigurationIsVisible = 0;
			defaultConfigurationName = Release;
		};
/* End XCConfigurationList section */

/* Begin XCRemoteSwiftPackageReference section */
		1D36B9302C43F38C00DDA278 /* XCRemoteSwiftPackageReference "Expression" */ = {
			isa = XCRemoteSwiftPackageReference;
			repositoryURL = "https://github.com/nicklockwood/Expression.git";
			requirement = {
				kind = upToNextMinorVersion;
				minimumVersion = 0.13.8;
			};
		};
/* End XCRemoteSwiftPackageReference section */

/* Begin XCSwiftPackageProductDependency section */
		1D36B9312C43F38D00DDA278 /* Expression */ = {
			isa = XCSwiftPackageProductDependency;
			package = 1D36B9302C43F38C00DDA278 /* XCRemoteSwiftPackageReference "Expression" */;
			productName = Expression;
		};
/* End XCSwiftPackageProductDependency section */
	};
	rootObject = 1D2CCC192C2FF87300C7126D /* Project object */;
}
